
Microsoft Visual Studio Solution File, Format Version 12.00
# Visual Studio Version 16
VisualStudioVersion = 16.0.810.9
MinimumVisualStudioVersion = 10.0.40219.1
Project("{FAE04EC0-301F-11D3-BF4B-00C04F79EFBC}") = "ICT3101_Calculator", "ICT3101_Calculator\ICT3101_Calculator.csproj", "{161B4D6F-4AE7-48DB-91B8-5DA38979561F}"
EndProject
Project("{FAE04EC0-301F-11D3-BF4B-00C04F79EFBC}") = "ICT3101_Calculator.UnitTests", "ICT3101_Calculator.UnitTests\ICT3101_Calculator.UnitTests.csproj", "{6BDC17E7-D83B-4851-B60C-FA00CA66342C}"
EndProject
Global
	GlobalSection(SolutionConfigurationPlatforms) = preSolution
		Debug|Any CPU = Debug|Any CPU
		Release|Any CPU = Release|Any CPU
	EndGlobalSection
	GlobalSection(ProjectConfigurationPlatforms) = postSolution
		{161B4D6F-4AE7-48DB-91B8-5DA38979561F}.Debug|Any CPU.ActiveCfg = Debug|Any CPU
		{161B4D6F-4AE7-48DB-91B8-5DA38979561F}.Debug|Any CPU.Build.0 = Debug|Any CPU
		{161B4D6F-4AE7-48DB-91B8-5DA38979561F}.Release|Any CPU.ActiveCfg = Release|Any CPU
		{161B4D6F-4AE7-48DB-91B8-5DA38979561F}.Release|Any CPU.Build.0 = Release|Any CPU
		{6BDC17E7-D83B-4851-B60C-FA00CA66342C}.Debug|Any CPU.ActiveCfg = Debug|Any CPU
		{6BDC17E7-D83B-4851-B60C-FA00CA66342C}.Debug|Any CPU.Build.0 = Debug|Any CPU
		{6BDC17E7-D83B-4851-B60C-FA00CA66342C}.Release|Any CPU.ActiveCfg = Release|Any CPU
		{6BDC17E7-D83B-4851-B60C-FA00CA66342C}.Release|Any CPU.Build.0 = Release|Any CPU
	EndGlobalSection
	GlobalSection(SolutionProperties) = preSolution
		HideSolutionNode = FALSE
	EndGlobalSection
	GlobalSection(ExtensibilityGlobals) = postSolution
		SolutionGuid = {D578D542-CC0D-4A1C-8C20-9F18CF8CCFBD}
	EndGlobalSection
EndGlobal
